
Microsoft Visual Studio Solution File, Format Version 12.00
# Visual Studio 14
VisualStudioVersion = 14.0.25420.1
MinimumVisualStudioVersion = 10.0.40219.1
Project("{FAE04EC0-301F-11D3-BF4B-00C04F79EFBC}") = "Traning", "Traning\Traning.csproj", "{CDB61BAB-DA10-407D-9379-DCBAFB962D5E}"
EndProject
Project("{FAE04EC0-301F-11D3-BF4B-00C04F79EFBC}") = "InchesToCentimeters", "InchesToCentimeters\InchesToCentimeters.csproj", "{B529E6EE-F97C-4682-9425-37914D33ADBA}"
EndProject
Project("{FAE04EC0-301F-11D3-BF4B-00C04F79EFBC}") = "Greeting by Name", "Greeting by Name\Greeting by Name.csproj", "{91B0AE3E-626C-4DF5-828F-E8CA3CF0809B}"
EndProject
Project("{FAE04EC0-301F-11D3-BF4B-00C04F79EFBC}") = "Concatenate Data", "Concatenate Data\Concatenate Data.csproj", "{547BF48B-0F99-408F-8287-DCF42D5D2EEB}"
EndProject
Project("{FAE04EC0-301F-11D3-BF4B-00C04F79EFBC}") = "Trapezoid-Area", "Trapezoid-Area\Trapezoid-Area.csproj", "{DDB40BF8-A358-4D73-A6F4-22C3CEA0D785}"
EndProject
Project("{FAE04EC0-301F-11D3-BF4B-00C04F79EFBC}") = "Circle Area and Perimeter", "Circle Area and Perimeter\Circle Area and Perimeter.csproj", "{4FCA8C70-875A-4CB1-A1B3-BA69433EA19C}"
EndProject
Project("{FAE04EC0-301F-11D3-BF4B-00C04F79EFBC}") = "2D Rectangle Area", "2D Rectangle Area\2D Rectangle Area.csproj", "{645885A0-EB64-48A4-86E5-A9A8BE818A46}"
EndProject
Project("{FAE04EC0-301F-11D3-BF4B-00C04F79EFBC}") = "Triangle Area", "Triangle Area\Triangle Area.csproj", "{933C44E4-27C4-411D-924E-650093D1953D}"
EndProject
Project("{FAE04EC0-301F-11D3-BF4B-00C04F79EFBC}") = "Celsius to Fahrenheit", "Celsius to Fahrenheit\Celsius to Fahrenheit.csproj", "{A153B704-AC09-415A-BD10-721CEBBE35EE}"
EndProject
Project("{FAE04EC0-301F-11D3-BF4B-00C04F79EFBC}") = "Radians to Degrees", "Radians to Degrees\Radians to Degrees.csproj", "{329B03DE-7983-43FD-9C45-FA0535F5F207}"
EndProject
Project("{FAE04EC0-301F-11D3-BF4B-00C04F79EFBC}") = "USD to BGN", "USD to BGN\USD to BGN.csproj", "{4839D84E-4449-416F-AA66-17C82D49C2F2}"
EndProject
Project("{FAE04EC0-301F-11D3-BF4B-00C04F79EFBC}") = "Currency Converter", "Currency Converter\Currency Converter.csproj", "{2367873D-4D83-4B5C-BC19-A3A1CCF21B21}"
EndProject
Project("{FAE04EC0-301F-11D3-BF4B-00C04F79EFBC}") = "Square of Stars", "Square of Stars\Square of Stars.csproj", "{07433A33-6DED-448D-A89F-530AE4EBDE4F}"
EndProject
Global
	GlobalSection(SolutionConfigurationPlatforms) = preSolution
		Debug|Any CPU = Debug|Any CPU
		Release|Any CPU = Release|Any CPU
	EndGlobalSection
	GlobalSection(ProjectConfigurationPlatforms) = postSolution
		{CDB61BAB-DA10-407D-9379-DCBAFB962D5E}.Debug|Any CPU.ActiveCfg = Debug|Any CPU
		{CDB61BAB-DA10-407D-9379-DCBAFB962D5E}.Debug|Any CPU.Build.0 = Debug|Any CPU
		{CDB61BAB-DA10-407D-9379-DCBAFB962D5E}.Release|Any CPU.ActiveCfg = Release|Any CPU
		{CDB61BAB-DA10-407D-9379-DCBAFB962D5E}.Release|Any CPU.Build.0 = Release|Any CPU
		{B529E6EE-F97C-4682-9425-37914D33ADBA}.Debug|Any CPU.ActiveCfg = Debug|Any CPU
		{B529E6EE-F97C-4682-9425-37914D33ADBA}.Debug|Any CPU.Build.0 = Debug|Any CPU
		{B529E6EE-F97C-4682-9425-37914D33ADBA}.Release|Any CPU.ActiveCfg = Release|Any CPU
		{B529E6EE-F97C-4682-9425-37914D33ADBA}.Release|Any CPU.Build.0 = Release|Any CPU
		{91B0AE3E-626C-4DF5-828F-E8CA3CF0809B}.Debug|Any CPU.ActiveCfg = Debug|Any CPU
		{91B0AE3E-626C-4DF5-828F-E8CA3CF0809B}.Debug|Any CPU.Build.0 = Debug|Any CPU
		{91B0AE3E-626C-4DF5-828F-E8CA3CF0809B}.Release|Any CPU.ActiveCfg = Release|Any CPU
		{91B0AE3E-626C-4DF5-828F-E8CA3CF0809B}.Release|Any CPU.Build.0 = Release|Any CPU
		{547BF48B-0F99-408F-8287-DCF42D5D2EEB}.Debug|Any CPU.ActiveCfg = Debug|Any CPU
		{547BF48B-0F99-408F-8287-DCF42D5D2EEB}.Debug|Any CPU.Build.0 = Debug|Any CPU
		{547BF48B-0F99-408F-8287-DCF42D5D2EEB}.Release|Any CPU.ActiveCfg = Release|Any CPU
		{547BF48B-0F99-408F-8287-DCF42D5D2EEB}.Release|Any CPU.Build.0 = Release|Any CPU
		{DDB40BF8-A358-4D73-A6F4-22C3CEA0D785}.Debug|Any CPU.ActiveCfg = Debug|Any CPU
		{DDB40BF8-A358-4D73-A6F4-22C3CEA0D785}.Debug|Any CPU.Build.0 = Debug|Any CPU
		{DDB40BF8-A358-4D73-A6F4-22C3CEA0D785}.Release|Any CPU.ActiveCfg = Release|Any CPU
		{DDB40BF8-A358-4D73-A6F4-22C3CEA0D785}.Release|Any CPU.Build.0 = Release|Any CPU
		{4FCA8C70-875A-4CB1-A1B3-BA69433EA19C}.Debug|Any CPU.ActiveCfg = Debug|Any CPU
		{4FCA8C70-875A-4CB1-A1B3-BA69433EA19C}.Debug|Any CPU.Build.0 = Debug|Any CPU
		{4FCA8C70-875A-4CB1-A1B3-BA69433EA19C}.Release|Any CPU.ActiveCfg = Release|Any CPU
		{4FCA8C70-875A-4CB1-A1B3-BA69433EA19C}.Release|Any CPU.Build.0 = Release|Any CPU
		{645885A0-EB64-48A4-86E5-A9A8BE818A46}.Debug|Any CPU.ActiveCfg = Debug|Any CPU
		{645885A0-EB64-48A4-86E5-A9A8BE818A46}.Debug|Any CPU.Build.0 = Debug|Any CPU
		{645885A0-EB64-48A4-86E5-A9A8BE818A46}.Release|Any CPU.ActiveCfg = Release|Any CPU
		{645885A0-EB64-48A4-86E5-A9A8BE818A46}.Release|Any CPU.Build.0 = Release|Any CPU
		{933C44E4-27C4-411D-924E-650093D1953D}.Debug|Any CPU.ActiveCfg = Debug|Any CPU
		{933C44E4-27C4-411D-924E-650093D1953D}.Debug|Any CPU.Build.0 = Debug|Any CPU
		{933C44E4-27C4-411D-924E-650093D1953D}.Release|Any CPU.ActiveCfg = Release|Any CPU
		{933C44E4-27C4-411D-924E-650093D1953D}.Release|Any CPU.Build.0 = Release|Any CPU
		{A153B704-AC09-415A-BD10-721CEBBE35EE}.Debug|Any CPU.ActiveCfg = Debug|Any CPU
		{A153B704-AC09-415A-BD10-721CEBBE35EE}.Debug|Any CPU.Build.0 = Debug|Any CPU
		{A153B704-AC09-415A-BD10-721CEBBE35EE}.Release|Any CPU.ActiveCfg = Release|Any CPU
		{A153B704-AC09-415A-BD10-721CEBBE35EE}.Release|Any CPU.Build.0 = Release|Any CPU
		{329B03DE-7983-43FD-9C45-FA0535F5F207}.Debug|Any CPU.ActiveCfg = Debug|Any CPU
		{329B03DE-7983-43FD-9C45-FA0535F5F207}.Debug|Any CPU.Build.0 = Debug|Any CPU
		{329B03DE-7983-43FD-9C45-FA0535F5F207}.Release|Any CPU.ActiveCfg = Release|Any CPU
		{329B03DE-7983-43FD-9C45-FA0535F5F207}.Release|Any CPU.Build.0 = Release|Any CPU
		{4839D84E-4449-416F-AA66-17C82D49C2F2}.Debug|Any CPU.ActiveCfg = Debug|Any CPU
		{4839D84E-4449-416F-AA66-17C82D49C2F2}.Debug|Any CPU.Build.0 = Debug|Any CPU
		{4839D84E-4449-416F-AA66-17C82D49C2F2}.Release|Any CPU.ActiveCfg = Release|Any CPU
		{4839D84E-4449-416F-AA66-17C82D49C2F2}.Release|Any CPU.Build.0 = Release|Any CPU
		{2367873D-4D83-4B5C-BC19-A3A1CCF21B21}.Debug|Any CPU.ActiveCfg = Debug|Any CPU
		{2367873D-4D83-4B5C-BC19-A3A1CCF21B21}.Debug|Any CPU.Build.0 = Debug|Any CPU
		{2367873D-4D83-4B5C-BC19-A3A1CCF21B21}.Release|Any CPU.ActiveCfg = Release|Any CPU
		{2367873D-4D83-4B5C-BC19-A3A1CCF21B21}.Release|Any CPU.Build.0 = Release|Any CPU
		{07433A33-6DED-448D-A89F-530AE4EBDE4F}.Debug|Any CPU.ActiveCfg = Debug|Any CPU
		{07433A33-6DED-448D-A89F-530AE4EBDE4F}.Debug|Any CPU.Build.0 = Debug|Any CPU
		{07433A33-6DED-448D-A89F-530AE4EBDE4F}.Release|Any CPU.ActiveCfg = Release|Any CPU
		{07433A33-6DED-448D-A89F-530AE4EBDE4F}.Release|Any CPU.Build.0 = Release|Any CPU
	EndGlobalSection
	GlobalSection(SolutionProperties) = preSolution
		HideSolutionNode = FALSE
	EndGlobalSection
EndGlobal
