
Microsoft Visual Studio Solution File, Format Version 12.00
# Visual Studio 14
VisualStudioVersion = 14.0.25420.1
MinimumVisualStudioVersion = 10.0.40219.1
Project("{FAE04EC0-301F-11D3-BF4B-00C04F79EFBC}") = "SmartLili", "SmartLili\SmartLili.csproj", "{80D47686-3A46-4FF7-82BB-C3DF0FBE4236}"
EndProject
Project("{FAE04EC0-301F-11D3-BF4B-00C04F79EFBC}") = "OperationsNumbers", "OperationsNumbers\OperationsNumbers.csproj", "{276BF2A2-93DD-4B32-8863-A5B35E4DD57F}"
EndProject
Global
	GlobalSection(SolutionConfigurationPlatforms) = preSolution
		Debug|Any CPU = Debug|Any CPU
		Release|Any CPU = Release|Any CPU
	EndGlobalSection
	GlobalSection(ProjectConfigurationPlatforms) = postSolution
		{80D47686-3A46-4FF7-82BB-C3DF0FBE4236}.Debug|Any CPU.ActiveCfg = Debug|Any CPU
		{80D47686-3A46-4FF7-82BB-C3DF0FBE4236}.Debug|Any CPU.Build.0 = Debug|Any CPU
		{80D47686-3A46-4FF7-82BB-C3DF0FBE4236}.Release|Any CPU.ActiveCfg = Release|Any CPU
		{80D47686-3A46-4FF7-82BB-C3DF0FBE4236}.Release|Any CPU.Build.0 = Release|Any CPU
		{276BF2A2-93DD-4B32-8863-A5B35E4DD57F}.Debug|Any CPU.ActiveCfg = Debug|Any CPU
		{276BF2A2-93DD-4B32-8863-A5B35E4DD57F}.Debug|Any CPU.Build.0 = Debug|Any CPU
		{276BF2A2-93DD-4B32-8863-A5B35E4DD57F}.Release|Any CPU.ActiveCfg = Release|Any CPU
		{276BF2A2-93DD-4B32-8863-A5B35E4DD57F}.Release|Any CPU.Build.0 = Release|Any CPU
	EndGlobalSection
	GlobalSection(SolutionProperties) = preSolution
		HideSolutionNode = FALSE
	EndGlobalSection
EndGlobal
